
Microsoft Visual Studio Solution File, Format Version 12.00
# Visual Studio Version 16
VisualStudioVersion = 16.0.28803.202
MinimumVisualStudioVersion = 10.0.40219.1
Project("{FAE04EC0-301F-11D3-BF4B-00C04F79EFBC}") = "HelloPlusApi", "HelloPlusApi\HelloPlusApi.csproj", "{523CDDA6-6723-48C2-9E0D-FB300D3704DE}"
EndProject
Project("{FAE04EC0-301F-11D3-BF4B-00C04F79EFBC}") = "HelloPlusTests", "HelloPlusTests\HelloPlusTests.csproj", "{DE992CE9-B8ED-479D-AA9D-B36C1AB8111E}"
EndProject
Project("{FAE04EC0-301F-11D3-BF4B-00C04F79EFBC}") = "HelloPlusWeb", "HelloPlusWeb\HelloPlusWeb.csproj", "{99B2C4B9-BA8C-4D03-912C-606619ED5718}"
	ProjectSection(ProjectDependencies) = postProject
		{523CDDA6-6723-48C2-9E0D-FB300D3704DE} = {523CDDA6-6723-48C2-9E0D-FB300D3704DE}
	EndProjectSection
EndProject
Global
	GlobalSection(SolutionConfigurationPlatforms) = preSolution
		Debug|Any CPU = Debug|Any CPU
		Local|Any CPU = Local|Any CPU
		PROD|Any CPU = PROD|Any CPU
		QA|Any CPU = QA|Any CPU
		Release|Any CPU = Release|Any CPU
		UAT|Any CPU = UAT|Any CPU
	EndGlobalSection
	GlobalSection(ProjectConfigurationPlatforms) = postSolution
		{523CDDA6-6723-48C2-9E0D-FB300D3704DE}.Debug|Any CPU.ActiveCfg = Debug|Any CPU
		{523CDDA6-6723-48C2-9E0D-FB300D3704DE}.Debug|Any CPU.Build.0 = Debug|Any CPU
		{523CDDA6-6723-48C2-9E0D-FB300D3704DE}.Local|Any CPU.ActiveCfg = Local|Any CPU
		{523CDDA6-6723-48C2-9E0D-FB300D3704DE}.Local|Any CPU.Build.0 = Local|Any CPU
		{523CDDA6-6723-48C2-9E0D-FB300D3704DE}.PROD|Any CPU.ActiveCfg = PROD|Any CPU
		{523CDDA6-6723-48C2-9E0D-FB300D3704DE}.PROD|Any CPU.Build.0 = PROD|Any CPU
		{523CDDA6-6723-48C2-9E0D-FB300D3704DE}.QA|Any CPU.ActiveCfg = QA|Any CPU
		{523CDDA6-6723-48C2-9E0D-FB300D3704DE}.QA|Any CPU.Build.0 = QA|Any CPU
		{523CDDA6-6723-48C2-9E0D-FB300D3704DE}.Release|Any CPU.ActiveCfg = Release|Any CPU
		{523CDDA6-6723-48C2-9E0D-FB300D3704DE}.Release|Any CPU.Build.0 = Release|Any CPU
		{523CDDA6-6723-48C2-9E0D-FB300D3704DE}.UAT|Any CPU.ActiveCfg = UAT|Any CPU
		{523CDDA6-6723-48C2-9E0D-FB300D3704DE}.UAT|Any CPU.Build.0 = UAT|Any CPU
		{DE992CE9-B8ED-479D-AA9D-B36C1AB8111E}.Debug|Any CPU.ActiveCfg = Debug|Any CPU
		{DE992CE9-B8ED-479D-AA9D-B36C1AB8111E}.Debug|Any CPU.Build.0 = Debug|Any CPU
		{DE992CE9-B8ED-479D-AA9D-B36C1AB8111E}.Local|Any CPU.ActiveCfg = Local|Any CPU
		{DE992CE9-B8ED-479D-AA9D-B36C1AB8111E}.Local|Any CPU.Build.0 = Local|Any CPU
		{DE992CE9-B8ED-479D-AA9D-B36C1AB8111E}.PROD|Any CPU.ActiveCfg = PROD|Any CPU
		{DE992CE9-B8ED-479D-AA9D-B36C1AB8111E}.PROD|Any CPU.Build.0 = PROD|Any CPU
		{DE992CE9-B8ED-479D-AA9D-B36C1AB8111E}.QA|Any CPU.ActiveCfg = QA|Any CPU
		{DE992CE9-B8ED-479D-AA9D-B36C1AB8111E}.QA|Any CPU.Build.0 = QA|Any CPU
		{DE992CE9-B8ED-479D-AA9D-B36C1AB8111E}.Release|Any CPU.ActiveCfg = Release|Any CPU
		{DE992CE9-B8ED-479D-AA9D-B36C1AB8111E}.Release|Any CPU.Build.0 = Release|Any CPU
		{DE992CE9-B8ED-479D-AA9D-B36C1AB8111E}.UAT|Any CPU.ActiveCfg = UAT|Any CPU
		{DE992CE9-B8ED-479D-AA9D-B36C1AB8111E}.UAT|Any CPU.Build.0 = UAT|Any CPU
		{99B2C4B9-BA8C-4D03-912C-606619ED5718}.Debug|Any CPU.ActiveCfg = Debug|Any CPU
		{99B2C4B9-BA8C-4D03-912C-606619ED5718}.Debug|Any CPU.Build.0 = Debug|Any CPU
		{99B2C4B9-BA8C-4D03-912C-606619ED5718}.Local|Any CPU.ActiveCfg = Local|Any CPU
		{99B2C4B9-BA8C-4D03-912C-606619ED5718}.Local|Any CPU.Build.0 = Local|Any CPU
		{99B2C4B9-BA8C-4D03-912C-606619ED5718}.PROD|Any CPU.ActiveCfg = PROD|Any CPU
		{99B2C4B9-BA8C-4D03-912C-606619ED5718}.PROD|Any CPU.Build.0 = PROD|Any CPU
		{99B2C4B9-BA8C-4D03-912C-606619ED5718}.QA|Any CPU.ActiveCfg = QA|Any CPU
		{99B2C4B9-BA8C-4D03-912C-606619ED5718}.QA|Any CPU.Build.0 = QA|Any CPU
		{99B2C4B9-BA8C-4D03-912C-606619ED5718}.Release|Any CPU.ActiveCfg = Release|Any CPU
		{99B2C4B9-BA8C-4D03-912C-606619ED5718}.Release|Any CPU.Build.0 = Release|Any CPU
		{99B2C4B9-BA8C-4D03-912C-606619ED5718}.UAT|Any CPU.ActiveCfg = UAT|Any CPU
		{99B2C4B9-BA8C-4D03-912C-606619ED5718}.UAT|Any CPU.Build.0 = UAT|Any CPU
	EndGlobalSection
	GlobalSection(SolutionProperties) = preSolution
		HideSolutionNode = FALSE
	EndGlobalSection
	GlobalSection(ExtensibilityGlobals) = postSolution
		SolutionGuid = {6202D960-52A2-4020-A6F1-F903B1C18804}
	EndGlobalSection
EndGlobal
